// !$*UTF8*$!
{
	archiveVersion = 1;
	classes = {
	};
	objectVersion = 56;
	objects = {

/* Begin PBXBuildFile section */
		93DCD2CD2B96D15C007616F2 /* main.cpp in Sources */ = {isa = PBXBuildFile; fileRef = 93DCD2CC2B96D15C007616F2 /* main.cpp */; };
		93DCD2D62B96D278007616F2 /* Vector2D.cpp in Sources */ = {isa = PBXBuildFile; fileRef = 93DCD2D52B96D278007616F2 /* Vector2D.cpp */; };
		93DCD2D82B972ECC007616F2 /* Polygon.h in Sources */ = {isa = PBXBuildFile; fileRef = 93DCD2D32B96D22C007616F2 /* Polygon.h */; };
		93DCD2D92B972ED2007616F2 /* Vector2D.h in Sources */ = {isa = PBXBuildFile; fileRef = 93DCD2D72B96D28D007616F2 /* Vector2D.h */; };
		93DCD2DA2B972EE4007616F2 /* tutorial2 in Sources */ = {isa = PBXBuildFile; fileRef = 93DCD2C92B96D15C007616F2 /* tutorial2 */; };
		93DCD2DC2B982B35007616F2 /* Polygon.cpp in Sources */ = {isa = PBXBuildFile; fileRef = 93DCD2DB2B982B35007616F2 /* Polygon.cpp */; };
/* End PBXBuildFile section */

/* Begin PBXCopyFilesBuildPhase section */
		93DCD2C72B96D15C007616F2 /* CopyFiles */ = {
			isa = PBXCopyFilesBuildPhase;
			buildActionMask = 2147483647;
			dstPath = /usr/share/man/man1/;
			dstSubfolderSpec = 0;
			files = (
			);
			runOnlyForDeploymentPostprocessing = 1;
		};
/* End PBXCopyFilesBuildPhase section */

/* Begin PBXFileReference section */
		93DCD2C92B96D15C007616F2 /* tutorial2 */ = {isa = PBXFileReference; explicitFileType = "compiled.mach-o.executable"; includeInIndex = 0; path = tutorial2; sourceTree = BUILT_PRODUCTS_DIR; };
		93DCD2CC2B96D15C007616F2 /* main.cpp */ = {isa = PBXFileReference; lastKnownFileType = sourcecode.cpp.cpp; path = main.cpp; sourceTree = "<group>"; };
		93DCD2D32B96D22C007616F2 /* Polygon.h */ = {isa = PBXFileReference; lastKnownFileType = sourcecode.c.h; path = Polygon.h; sourceTree = "<group>"; };
		93DCD2D42B96D269007616F2 /* Data.txt */ = {isa = PBXFileReference; lastKnownFileType = text; path = Data.txt; sourceTree = "<group>"; };
		93DCD2D52B96D278007616F2 /* Vector2D.cpp */ = {isa = PBXFileReference; fileEncoding = 4; lastKnownFileType = sourcecode.cpp.cpp; path = Vector2D.cpp; sourceTree = "<group>"; };
		93DCD2D72B96D28D007616F2 /* Vector2D.h */ = {isa = PBXFileReference; lastKnownFileType = sourcecode.c.h; path = Vector2D.h; sourceTree = "<group>"; };
		93DCD2DB2B982B35007616F2 /* Polygon.cpp */ = {isa = PBXFileReference; lastKnownFileType = sourcecode.cpp.cpp; path = Polygon.cpp; sourceTree = "<group>"; };
/* End PBXFileReference section */

/* Begin PBXFrameworksBuildPhase section */
		93DCD2C62B96D15C007616F2 /* Frameworks */ = {
			isa = PBXFrameworksBuildPhase;
			buildActionMask = 2147483647;
			files = (
			);
			runOnlyForDeploymentPostprocessing = 0;
		};
/* End PBXFrameworksBuildPhase section */

/* Begin PBXGroup section */
		93DCD2C02B96D15C007616F2 = {
			isa = PBXGroup;
			children = (
				93DCD2CB2B96D15C007616F2 /* tutorial2 */,
				93DCD2CA2B96D15C007616F2 /* Products */,
			);
			sourceTree = "<group>";
		};
		93DCD2CA2B96D15C007616F2 /* Products */ = {
			isa = PBXGroup;
			children = (
				93DCD2C92B96D15C007616F2 /* tutorial2 */,
			);
			name = Products;
			sourceTree = "<group>";
		};
		93DCD2CB2B96D15C007616F2 /* tutorial2 */ = {
			isa = PBXGroup;
			children = (
				93DCD2CC2B96D15C007616F2 /* main.cpp */,
				93DCD2D32B96D22C007616F2 /* Polygon.h */,
				93DCD2D52B96D278007616F2 /* Vector2D.cpp */,
				93DCD2D42B96D269007616F2 /* Data.txt */,
				93DCD2D72B96D28D007616F2 /* Vector2D.h */,
				93DCD2DB2B982B35007616F2 /* Polygon.cpp */,
			);
			path = tutorial2;
			sourceTree = "<group>";
		};
/* End PBXGroup section */

/* Begin PBXNativeTarget section */
		93DCD2C82B96D15C007616F2 /* tutorial2 */ = {
			isa = PBXNativeTarget;
			buildConfigurationList = 93DCD2D02B96D15C007616F2 /* Build configuration list for PBXNativeTarget "tutorial2" */;
			buildPhases = (
				93DCD2C52B96D15C007616F2 /* Sources */,
				93DCD2C62B96D15C007616F2 /* Frameworks */,
				93DCD2C72B96D15C007616F2 /* CopyFiles */,
			);
			buildRules = (
			);
			dependencies = (
			);
			name = tutorial2;
			productName = tutorial2;
			productReference = 93DCD2C92B96D15C007616F2 /* tutorial2 */;
			productType = "com.apple.product-type.tool";
		};
/* End PBXNativeTarget section */

/* Begin PBXProject section */
		93DCD2C12B96D15C007616F2 /* Project object */ = {
			isa = PBXProject;
			attributes = {
				BuildIndependentTargetsInParallel = 1;
				LastUpgradeCheck = 1520;
				TargetAttributes = {
					93DCD2C82B96D15C007616F2 = {
						CreatedOnToolsVersion = 15.2;
					};
				};
			};
			buildConfigurationList = 93DCD2C42B96D15C007616F2 /* Build configuration list for PBXProject "tutorial2" */;
			compatibilityVersion = "Xcode 14.0";
			developmentRegion = en;
			hasScannedForEncodings = 0;
			knownRegions = (
				en,
				Base,
			);
			mainGroup = 93DCD2C02B96D15C007616F2;
			productRefGroup = 93DCD2CA2B96D15C007616F2 /* Products */;
			projectDirPath = "";
			projectRoot = "";
			targets = (
				93DCD2C82B96D15C007616F2 /* tutorial2 */,
			);
		};
/* End PBXProject section */

/* Begin PBXSourcesBuildPhase section */
		93DCD2C52B96D15C007616F2 /* Sources */ = {
			isa = PBXSourcesBuildPhase;
			buildActionMask = 2147483647;
			files = (
				93DCD2DA2B972EE4007616F2 /* tutorial2 in Sources */,
				93DCD2D92B972ED2007616F2 /* Vector2D.h in Sources */,
				93DCD2DC2B982B35007616F2 /* Polygon.cpp in Sources */,
				93DCD2D82B972ECC007616F2 /* Polygon.h in Sources */,
				93DCD2D62B96D278007616F2 /* Vector2D.cpp in Sources */,
				93DCD2CD2B96D15C007616F2 /* main.cpp in Sources */,
			);
			runOnlyForDeploymentPostprocessing = 0;
		};
/* End PBXSourcesBuildPhase section */

/* Begin XCBuildConfiguration section */
		93DCD2CE2B96D15C007616F2 /* Debug */ = {
			isa = XCBuildConfiguration;
			buildSettings = {
				ALWAYS_SEARCH_USER_PATHS = NO;
				ASSETCATALOG_COMPILER_GENERATE_SWIFT_ASSET_SYMBOL_EXTENSIONS = YES;
				CLANG_ANALYZER_NONNULL = YES;
				CLANG_ANALYZER_NUMBER_OBJECT_CONVERSION = YES_AGGRESSIVE;
				CLANG_CXX_LANGUAGE_STANDARD = "gnu++20";
				CLANG_ENABLE_MODULES = YES;
				CLANG_ENABLE_OBJC_ARC = YES;
				CLANG_ENABLE_OBJC_WEAK = YES;
				CLANG_WARN_BLOCK_CAPTURE_AUTORELEASING = YES;
				CLANG_WARN_BOOL_CONVERSION = YES;
				CLANG_WARN_COMMA = YES;
				CLANG_WARN_CONSTANT_CONVERSION = YES;
				CLANG_WARN_DEPRECATED_OBJC_IMPLEMENTATIONS = YES;
				CLANG_WARN_DIRECT_OBJC_ISA_USAGE = YES_ERROR;
				CLANG_WARN_DOCUMENTATION_COMMENTS = YES;
				CLANG_WARN_EMPTY_BODY = YES;
				CLANG_WARN_ENUM_CONVERSION = YES;
				CLANG_WARN_INFINITE_RECURSION = YES;
				CLANG_WARN_INT_CONVERSION = YES;
				CLANG_WARN_NON_LITERAL_NULL_CONVERSION = YES;
				CLANG_WARN_OBJC_IMPLICIT_RETAIN_SELF = YES;
				CLANG_WARN_OBJC_LITERAL_CONVERSION = YES;
				CLANG_WARN_OBJC_ROOT_CLASS = YES_ERROR;
				CLANG_WARN_QUOTED_INCLUDE_IN_FRAMEWORK_HEADER = YES;
				CLANG_WARN_RANGE_LOOP_ANALYSIS = YES;
				CLANG_WARN_STRICT_PROTOTYPES = YES;
				CLANG_WARN_SUSPICIOUS_MOVE = YES;
				CLANG_WARN_UNGUARDED_AVAILABILITY = YES_AGGRESSIVE;
				CLANG_WARN_UNREACHABLE_CODE = YES;
				CLANG_WARN__DUPLICATE_METHOD_MATCH = YES;
				COPY_PHASE_STRIP = NO;
				DEBUG_INFORMATION_FORMAT = dwarf;
				ENABLE_STRICT_OBJC_MSGSEND = YES;
				ENABLE_TESTABILITY = YES;
				ENABLE_USER_SCRIPT_SANDBOXING = YES;
				GCC_C_LANGUAGE_STANDARD = gnu17;
				GCC_DYNAMIC_NO_PIC = NO;
				GCC_NO_COMMON_BLOCKS = YES;
				GCC_OPTIMIZATION_LEVEL = 0;
				GCC_PREPROCESSOR_DEFINITIONS = (
					"DEBUG=1",
					"$(inherited)",
				);
				GCC_WARN_64_TO_32_BIT_CONVERSION = YES;
				GCC_WARN_ABOUT_RETURN_TYPE = YES_ERROR;
				GCC_WARN_UNDECLARED_SELECTOR = YES;
				GCC_WARN_UNINITIALIZED_AUTOS = YES_AGGRESSIVE;
				GCC_WARN_UNUSED_FUNCTION = YES;
				GCC_WARN_UNUSED_VARIABLE = YES;
				LOCALIZATION_PREFERS_STRING_CATALOGS = YES;
				MACOSX_DEPLOYMENT_TARGET = 14.2;
				MTL_ENABLE_DEBUG_INFO = INCLUDE_SOURCE;
				MTL_FAST_MATH = YES;
				ONLY_ACTIVE_ARCH = YES;
				SDKROOT = macosx;
			};
			name = Debug;
		};
		93DCD2CF2B96D15C007616F2 /* Release */ = {
			isa = XCBuildConfiguration;
			buildSettings = {
				ALWAYS_SEARCH_USER_PATHS = NO;
				ASSETCATALOG_COMPILER_GENERATE_SWIFT_ASSET_SYMBOL_EXTENSIONS = YES;
				CLANG_ANALYZER_NONNULL = YES;
				CLANG_ANALYZER_NUMBER_OBJECT_CONVERSION = YES_AGGRESSIVE;
				CLANG_CXX_LANGUAGE_STANDARD = "gnu++20";
				CLANG_ENABLE_MODULES = YES;
				CLANG_ENABLE_OBJC_ARC = YES;
				CLANG_ENABLE_OBJC_WEAK = YES;
				CLANG_WARN_BLOCK_CAPTURE_AUTORELEASING = YES;
				CLANG_WARN_BOOL_CONVERSION = YES;
				CLANG_WARN_COMMA = YES;
				CLANG_WARN_CONSTANT_CONVERSION = YES;
				CLANG_WARN_DEPRECATED_OBJC_IMPLEMENTATIONS = YES;
				CLANG_WARN_DIRECT_OBJC_ISA_USAGE = YES_ERROR;
				CLANG_WARN_DOCUMENTATION_COMMENTS = YES;
				CLANG_WARN_EMPTY_BODY = YES;
				CLANG_WARN_ENUM_CONVERSION = YES;
				CLANG_WARN_INFINITE_RECURSION = YES;
				CLANG_WARN_INT_CONVERSION = YES;
				CLANG_WARN_NON_LITERAL_NULL_CONVERSION = YES;
				CLANG_WARN_OBJC_IMPLICIT_RETAIN_SELF = YES;
				CLANG_WARN_OBJC_LITERAL_CONVERSION = YES;
				CLANG_WARN_OBJC_ROOT_CLASS = YES_ERROR;
				CLANG_WARN_QUOTED_INCLUDE_IN_FRAMEWORK_HEADER = YES;
				CLANG_WARN_RANGE_LOOP_ANALYSIS = YES;
				CLANG_WARN_STRICT_PROTOTYPES = YES;
				CLANG_WARN_SUSPICIOUS_MOVE = YES;
				CLANG_WARN_UNGUARDED_AVAILABILITY = YES_AGGRESSIVE;
				CLANG_WARN_UNREACHABLE_CODE = YES;
				CLANG_WARN__DUPLICATE_METHOD_MATCH = YES;
				COPY_PHASE_STRIP = NO;
				DEBUG_INFORMATION_FORMAT = "dwarf-with-dsym";
				ENABLE_NS_ASSERTIONS = NO;
				ENABLE_STRICT_OBJC_MSGSEND = YES;
				ENABLE_USER_SCRIPT_SANDBOXING = YES;
				GCC_C_LANGUAGE_STANDARD = gnu17;
				GCC_NO_COMMON_BLOCKS = YES;
				GCC_WARN_64_TO_32_BIT_CONVERSION = YES;
				GCC_WARN_ABOUT_RETURN_TYPE = YES_ERROR;
				GCC_WARN_UNDECLARED_SELECTOR = YES;
				GCC_WARN_UNINITIALIZED_AUTOS = YES_AGGRESSIVE;
				GCC_WARN_UNUSED_FUNCTION = YES;
				GCC_WARN_UNUSED_VARIABLE = YES;
				LOCALIZATION_PREFERS_STRING_CATALOGS = YES;
				MACOSX_DEPLOYMENT_TARGET = 14.2;
				MTL_ENABLE_DEBUG_INFO = NO;
				MTL_FAST_MATH = YES;
				SDKROOT = macosx;
			};
			name = Release;
		};
		93DCD2D12B96D15C007616F2 /* Debug */ = {
			isa = XCBuildConfiguration;
			buildSettings = {
				CODE_SIGN_STYLE = Automatic;
				PRODUCT_NAME = "$(TARGET_NAME)";
			};
			name = Debug;
		};
		93DCD2D22B96D15C007616F2 /* Release */ = {
			isa = XCBuildConfiguration;
			buildSettings = {
				CODE_SIGN_STYLE = Automatic;
				PRODUCT_NAME = "$(TARGET_NAME)";
			};
			name = Release;
		};
/* End XCBuildConfiguration section */

/* Begin XCConfigurationList section */
		93DCD2C42B96D15C007616F2 /* Build configuration list for PBXProject "tutorial2" */ = {
			isa = XCConfigurationList;
			buildConfigurations = (
				93DCD2CE2B96D15C007616F2 /* Debug */,
				93DCD2CF2B96D15C007616F2 /* Release */,
			);
			defaultConfigurationIsVisible = 0;
			defaultConfigurationName = Release;
		};
		93DCD2D02B96D15C007616F2 /* Build configuration list for PBXNativeTarget "tutorial2" */ = {
			isa = XCConfigurationList;
			buildConfigurations = (
				93DCD2D12B96D15C007616F2 /* Debug */,
				93DCD2D22B96D15C007616F2 /* Release */,
			);
			defaultConfigurationIsVisible = 0;
			defaultConfigurationName = Release;
		};
/* End XCConfigurationList section */
	};
	rootObject = 93DCD2C12B96D15C007616F2 /* Project object */;
}
